
Microsoft Visual Studio Solution File, Format Version 12.00
# Visual Studio Version 17
VisualStudioVersion = 17.14.36221.1 d17.14
MinimumVisualStudioVersion = 10.0.40219.1
Project("{FAE04EC0-301F-11D3-BF4B-00C04F79EFBC}") = "SimpleLogManager", "SimpleLogManager.csproj", "{5FC700CF-C9D3-46CA-8EF0-F6E8A246FF7C}"
EndProject
Global
	GlobalSection(SolutionConfigurationPlatforms) = preSolution
		Debug|Any CPU = Debug|Any CPU
		Release|Any CPU = Release|Any CPU
	EndGlobalSection
	GlobalSection(ProjectConfigurationPlatforms) = postSolution
		{5FC700CF-C9D3-46CA-8EF0-F6E8A246FF7C}.Debug|Any CPU.ActiveCfg = Debug|Any CPU
		{5FC700CF-C9D3-46CA-8EF0-F6E8A246FF7C}.Debug|Any CPU.Build.0 = Debug|Any CPU
		{5FC700CF-C9D3-46CA-8EF0-F6E8A246FF7C}.Release|Any CPU.ActiveCfg = Release|Any CPU
		{5FC700CF-C9D3-46CA-8EF0-F6E8A246FF7C}.Release|Any CPU.Build.0 = Release|Any CPU
	EndGlobalSection
	GlobalSection(SolutionProperties) = preSolution
		HideSolutionNode = FALSE
	EndGlobalSection
	GlobalSection(ExtensibilityGlobals) = postSolution
		SolutionGuid = {FBCBAE1B-DA38-464F-BD19-84F916684EAA}
	EndGlobalSection
EndGlobal
